
Microsoft Visual Studio Solution File, Format Version 12.00
# Visual Studio Version 16
VisualStudioVersion = 16.0.30114.105
MinimumVisualStudioVersion = 10.0.40219.1
Project("{2150E333-8FDC-42A3-9474-1A3956D46DE8}") = "src", "src", "{3B6BE7C6-718F-44FE-ADF6-C5CA22052CB2}"
EndProject
Project("{FAE04EC0-301F-11D3-BF4B-00C04F79EFBC}") = "Client", "src\Client\Client.csproj", "{5A53A7AB-BF49-40F0-9D46-443BF2F654B9}"
EndProject
Global
	GlobalSection(SolutionConfigurationPlatforms) = preSolution
		Debug|Any CPU = Debug|Any CPU
		Release|Any CPU = Release|Any CPU
	EndGlobalSection
	GlobalSection(SolutionProperties) = preSolution
		HideSolutionNode = FALSE
	EndGlobalSection
	GlobalSection(ProjectConfigurationPlatforms) = postSolution
		{5A53A7AB-BF49-40F0-9D46-443BF2F654B9}.Debug|Any CPU.ActiveCfg = Debug|Any CPU
		{5A53A7AB-BF49-40F0-9D46-443BF2F654B9}.Debug|Any CPU.Build.0 = Debug|Any CPU
		{5A53A7AB-BF49-40F0-9D46-443BF2F654B9}.Release|Any CPU.ActiveCfg = Release|Any CPU
		{5A53A7AB-BF49-40F0-9D46-443BF2F654B9}.Release|Any CPU.Build.0 = Release|Any CPU
	EndGlobalSection
	GlobalSection(NestedProjects) = preSolution
		{5A53A7AB-BF49-40F0-9D46-443BF2F654B9} = {3B6BE7C6-718F-44FE-ADF6-C5CA22052CB2}
	EndGlobalSection
EndGlobal
